{
  "name": "opentype",
  "version": "1.0.0",
  "lockfileVersion": 1,
  "requires": true,
  "dependencies": {
    "ansi-styles": {
      "version": "2.0.0",
      "resolved": "https://registry.npmjs.org/ansi-styles/-/ansi-styles-2.0.0.tgz",
      "integrity": "sha1-QysmFi/qG2PIeIlqvIzFVI8lBj4=",
      "dev": true
    },
    "array-changes": {
      "version": "2.0.0",
      "resolved": "https://registry.npmjs.org/array-changes/-/array-changes-2.0.0.tgz",
      "integrity": "sha1-RXuqMwPC3hb7vuNIyizLLOcAeKk=",
      "dev": true,
      "requires": {
        "arraydiff-papandreou": "0.1.1-patch1"
      }
    },
    "array-changes-async": {
      "version": "3.0.0",
      "resolved": "https://registry.npmjs.org/array-changes-async/-/array-changes-async-3.0.0.tgz",
      "integrity": "sha1-ebbuDOWpJ3+a4/Qq773n73vDQ5M=",
      "dev": true,
      "requires": {
        "arraydiff-async": "0.2.0"
      }
    },
    "arraydiff-async": {
      "version": "0.2.0",
      "resolved": "https://registry.npmjs.org/arraydiff-async/-/arraydiff-async-0.2.0.tgz",
      "integrity": "sha1-uwUouY6BS3AvAfSWvHO+w+V/QIY=",
      "dev": true
    },
    "arraydiff-papandreou": {
      "version": "0.1.1-patch1",
      "resolved": "https://registry.npmjs.org/arraydiff-papandreou/-/arraydiff-papandreou-0.1.1-patch1.tgz",
      "integrity": "sha1-ApAnC/27Sy762LdIJjitWnIQkhA=",
      "dev": true
    },
    "base64-js": {
      "version": "1.2.1",
      "resolved": "https://registry.npmjs.org/base64-js/-/base64-js-1.2.1.tgz",
      "integrity": "sha512-dwVUVIXsBZXwTuwnXI9RK8sBmgq09NDHzyR9SAph9eqk76gKK2JSQmZARC2zRC81JC2QTtxD0ARU5qTS25gIGw=="
    },
    "brotli": {
      "version": "1.3.2",
      "resolved": "https://registry.npmjs.org/brotli/-/brotli-1.3.2.tgz",
      "integrity": "sha1-UlqcrU/LqWR119OI9q7LE+7VL0Y=",
      "requires": {
        "base64-js": "1.2.1"
      }
    },
    "color-diff": {
      "version": "0.1.7",
      "resolved": "https://registry.npmjs.org/color-diff/-/color-diff-0.1.7.tgz",
      "integrity": "sha1-bbeM2UgqjkWdQIIer0tQMoPcuOI=",
      "dev": true
    },
    "commander": {
      "version": "2.3.0",
      "resolved": "https://registry.npmjs.org/commander/-/commander-2.3.0.tgz",
      "integrity": "sha1-/UMOiJgy7DU7ms0d4hfBHLPu+HM=",
      "dev": true
    },
    "concentrate": {
      "version": "0.2.3",
      "resolved": "https://registry.npmjs.org/concentrate/-/concentrate-0.2.3.tgz",
      "integrity": "sha1-+XoCBlIcLXxFFxtkz8TW+LYwJUI=",
      "dev": true
    },
    "debug": {
      "version": "2.2.0",
      "resolved": "https://registry.npmjs.org/debug/-/debug-2.2.0.tgz",
      "integrity": "sha1-+HBX6ZWxofauaklgZkE3vFbwOdo=",
      "dev": true,
      "requires": {
        "ms": "0.7.1"
      }
    },
    "detect-indent": {
      "version": "3.0.1",
      "resolved": "https://registry.npmjs.org/detect-indent/-/detect-indent-3.0.1.tgz",
      "integrity": "sha1-ncXl3bzu+DJXZLlFGwK8bVQIT3U=",
      "dev": true,
      "requires": {
        "get-stdin": "4.0.1",
        "minimist": "1.2.0",
        "repeating": "1.1.3"
      },
      "dependencies": {
        "minimist": {
          "version": "1.2.0",
          "resolved": "https://registry.npmjs.org/minimist/-/minimist-1.2.0.tgz",
          "integrity": "sha1-o1AIsg9BOD7sH7kU9M1d95omQoQ=",
          "dev": true
        }
      }
    },
    "diff": {
      "version": "1.4.0",
      "resolved": "https://registry.npmjs.org/diff/-/diff-1.4.0.tgz",
      "integrity": "sha1-fyjS657nsVqX79ic5j3P2qPMur8=",
      "dev": true
    },
    "escape-string-regexp": {
      "version": "1.0.2",
      "resolved": "https://registry.npmjs.org/escape-string-regexp/-/escape-string-regexp-1.0.2.tgz",
      "integrity": "sha1-Tbwv5nTnGUnK8/smlc5/LcHZqNE=",
      "dev": true
    },
    "get-stdin": {
      "version": "4.0.1",
      "resolved": "https://registry.npmjs.org/get-stdin/-/get-stdin-4.0.1.tgz",
      "integrity": "sha1-uWjGsKBDhDJJAui/Gl3zJXmkUP4=",
      "dev": true
    },
    "glob": {
      "version": "3.2.11",
      "resolved": "https://registry.npmjs.org/glob/-/glob-3.2.11.tgz",
      "integrity": "sha1-Spc/Y1uRkPcV0QmH1cAP0oFevj0=",
      "dev": true,
      "requires": {
        "inherits": "2.0.3",
        "minimatch": "0.3.0"
      }
    },
    "greedy-interval-packer": {
      "version": "1.2.0",
      "resolved": "https://registry.npmjs.org/greedy-interval-packer/-/greedy-interval-packer-1.2.0.tgz",
      "integrity": "sha1-1toR82Ybt5eBLaeKHqUQZ4oqhzk=",
      "dev": true
    },
    "growl": {
      "version": "1.9.2",
      "resolved": "https://registry.npmjs.org/growl/-/growl-1.9.2.tgz",
      "integrity": "sha1-Dqd0NxXbjY3ixe3hd14bRayFwC8=",
      "dev": true
    },
    "iconv-lite": {
      "version": "0.4.18",
      "resolved": "https://registry.npmjs.org/iconv-lite/-/iconv-lite-0.4.18.tgz",
      "integrity": "sha512-sr1ZQph3UwHTR0XftSbK85OvBbxe/abLGzEnPENCQwmHf7sck8Oyu4ob3LgBxWWxRoM+QszeUyl7jbqapu2TqA=="
    },
    "inherits": {
      "version": "2.0.3",
      "resolved": "https://registry.npmjs.org/inherits/-/inherits-2.0.3.tgz",
      "integrity": "sha1-Yzwsg+PaQqUC9SRmAiSA9CCCYd4=",
      "dev": true
    },
    "is-finite": {
      "version": "1.0.2",
      "resolved": "https://registry.npmjs.org/is-finite/-/is-finite-1.0.2.tgz",
      "integrity": "sha1-zGZ3aVYCvlUO8R6LSqYwU0K20Ko=",
      "dev": true,
      "requires": {
        "number-is-nan": "1.0.1"
      }
    },
    "jade": {
      "version": "0.26.3",
      "resolved": "https://registry.npmjs.org/jade/-/jade-0.26.3.tgz",
      "integrity": "sha1-jxDXl32NefL2/4YqgbBRPMslaGw=",
      "dev": true,
      "requires": {
        "commander": "0.6.1",
        "mkdirp": "0.3.0"
      },
      "dependencies": {
        "commander": {
          "version": "0.6.1",
          "resolved": "https://registry.npmjs.org/commander/-/commander-0.6.1.tgz",
          "integrity": "sha1-+mihT2qUXVTbvlDYzbMyDp47GgY=",
          "dev": true
        },
        "mkdirp": {
          "version": "0.3.0",
          "resolved": "https://registry.npmjs.org/mkdirp/-/mkdirp-0.3.0.tgz",
          "integrity": "sha1-G79asbqCevI1dRQ0kEJkVfSB/h4=",
          "dev": true
        }
      }
    },
    "leven": {
      "version": "2.0.0",
      "resolved": "https://registry.npmjs.org/leven/-/leven-2.0.0.tgz",
      "integrity": "sha1-dMRXREOVUNoYWAGRKCn2HSIHG8E=",
      "dev": true
    },
    "lru-cache": {
      "version": "2.7.3",
      "resolved": "https://registry.npmjs.org/lru-cache/-/lru-cache-2.7.3.tgz",
      "integrity": "sha1-bUUk6LlV+V1PW1iFHOId1y+06VI=",
      "dev": true
    },
    "magicpen": {
      "version": "5.12.0",
      "resolved": "https://registry.npmjs.org/magicpen/-/magicpen-5.12.0.tgz",
      "integrity": "sha1-u+nunUI2R2rs+EE27KGDPrRwqWs=",
      "dev": true,
      "requires": {
        "ansi-styles": "2.0.0",
        "color-diff": "0.1.7",
        "supports-color": "1.2.0"
      }
    },
    "minimatch": {
      "version": "0.3.0",
      "resolved": "https://registry.npmjs.org/minimatch/-/minimatch-0.3.0.tgz",
      "integrity": "sha1-J12O2qxPG7MyZHIInnlJyDlGmd0=",
      "dev": true,
      "requires": {
        "lru-cache": "2.7.3",
        "sigmund": "1.0.1"
      }
    },
    "minimist": {
      "version": "0.0.8",
      "resolved": "https://registry.npmjs.org/minimist/-/minimist-0.0.8.tgz",
      "integrity": "sha1-hX/Kv8M5fSYluCKCYuhqp6ARsF0=",
      "dev": true
    },
    "mkdirp": {
      "version": "0.5.1",
      "resolved": "https://registry.npmjs.org/mkdirp/-/mkdirp-0.5.1.tgz",
      "integrity": "sha1-MAV0OOrGz3+MR2fzhkjWaX11yQM=",
      "dev": true,
      "requires": {
        "minimist": "0.0.8"
      }
    },
    "mocha": {
      "version": "2.5.3",
      "resolved": "https://registry.npmjs.org/mocha/-/mocha-2.5.3.tgz",
      "integrity": "sha1-FhvlvetJZ3HrmzV0UFC2IrWu/Fg=",
      "dev": true,
      "requires": {
        "commander": "2.3.0",
        "debug": "2.2.0",
        "diff": "1.4.0",
        "escape-string-regexp": "1.0.2",
        "glob": "3.2.11",
        "growl": "1.9.2",
        "jade": "0.26.3",
        "mkdirp": "0.5.1",
        "supports-color": "1.2.0",
        "to-iso-string": "0.0.2"
      }
    },
    "ms": {
      "version": "0.7.1",
      "resolved": "https://registry.npmjs.org/ms/-/ms-0.7.1.tgz",
      "integrity": "sha1-nNE8A62/8ltl7/3nzoZO6VIBcJg=",
      "dev": true
    },
    "node-int64": {
      "version": "0.4.0",
      "resolved": "https://registry.npmjs.org/node-int64/-/node-int64-0.4.0.tgz",
      "integrity": "sha1-h6kGXNs1XTGC2PlM4RGIuCXGijs="
    },
    "number-is-nan": {
      "version": "1.0.1",
      "resolved": "https://registry.npmjs.org/number-is-nan/-/number-is-nan-1.0.1.tgz",
      "integrity": "sha1-CXtgK1NCKlIsGvuHkDGDNpQaAR0=",
      "dev": true
    },
    "repeating": {
      "version": "1.1.3",
      "resolved": "https://registry.npmjs.org/repeating/-/repeating-1.1.3.tgz",
      "integrity": "sha1-PUEUIYh3U3SU+X93+Xhfq4EPpKw=",
      "dev": true,
      "requires": {
        "is-finite": "1.0.2"
      }
    },
    "sigmund": {
      "version": "1.0.1",
      "resolved": "https://registry.npmjs.org/sigmund/-/sigmund-1.0.1.tgz",
      "integrity": "sha1-P/IfGYytIXX587eBhT/ZTQ0ZtZA=",
      "dev": true
    },
    "supports-color": {
      "version": "1.2.0",
      "resolved": "https://registry.npmjs.org/supports-color/-/supports-color-1.2.0.tgz",
      "integrity": "sha1-/x7R5hFp0Gs88tWI4YixjYhH4X4=",
      "dev": true
    },
    "to-iso-string": {
      "version": "0.0.2",
      "resolved": "https://registry.npmjs.org/to-iso-string/-/to-iso-string-0.0.2.tgz",
      "integrity": "sha1-TcGeZk38y+Jb2NtQiwDG2hWCVdE=",
      "dev": true
    },
    "unexpected": {
      "version": "10.33.2",
      "resolved": "https://registry.npmjs.org/unexpected/-/unexpected-10.33.2.tgz",
      "integrity": "sha1-yDJde+F4mLtpYYoTkP5BRDhiaAw=",
      "dev": true,
      "requires": {
        "array-changes": "2.0.0",
        "array-changes-async": "3.0.0",
        "detect-indent": "3.0.1",
        "diff": "1.1.0",
        "greedy-interval-packer": "1.2.0",
        "leven": "2.0.0",
        "magicpen": "5.12.0",
        "unexpected-bluebird": "2.9.34-longstack2"
      },
      "dependencies": {
        "diff": {
          "version": "1.1.0",
          "resolved": "https://registry.npmjs.org/diff/-/diff-1.1.0.tgz",
          "integrity": "sha1-eYpJOBqkZBUem08Ob/Kwmooa0j8=",
          "dev": true
        }
      }
    },
    "unexpected-bluebird": {
      "version": "2.9.34-longstack2",
      "resolved": "https://registry.npmjs.org/unexpected-bluebird/-/unexpected-bluebird-2.9.34-longstack2.tgz",
      "integrity": "sha1-SaysdTsFVt7WAlIQ7pYYIwfSssk=",
      "dev": true
    },
    "unexpected-stream": {
      "version": "2.1.0",
      "resolved": "https://registry.npmjs.org/unexpected-stream/-/unexpected-stream-2.1.0.tgz",
      "integrity": "sha1-dpNmgFz16vZWvYzV9y4jwLulAFI=",
      "dev": true,
      "requires": {
        "minimist": "1.1.2"
      },
      "dependencies": {
        "minimist": {
          "version": "1.1.2",
          "resolved": "https://registry.npmjs.org/minimist/-/minimist-1.1.2.tgz",
          "integrity": "sha1-r5YLgMr3GzgjY1Kvf+8QqO/O6uM=",
          "dev": true
        }
      }
    }
  }
}
